// !$*UTF8*$!
{
	archiveVersion = 1;
	classes = {
	};
	objectVersion = 56;
	objects = {

/* Begin PBXBuildFile section */
		0296DDEBE55149E2886FDD2D /* SnakeAI.swift in Sources */ = {isa = PBXBuildFile; fileRef = 69668DAD8B5C4C24A4AB1E88 /* SnakeAI.swift */; };
		0E63A699F7E647BD958195E3 /* GameScreen.swift in Sources */ = {isa = PBXBuildFile; fileRef = E0BB1B87D5274213AF0D41D2 /* GameScreen.swift */; };
		12D88B65C1E141849BD1FC7D /* ItemSpawner.swift in Sources */ = {isa = PBXBuildFile; fileRef = ACE239E644DC472CBD65803C /* ItemSpawner.swift */; };
		1D90D557787D46A59921AE6A /* Snake.swift in Sources */ = {isa = PBXBuildFile; fileRef = 0998119EAFE94789A1E80225 /* Snake.swift */; };
		1E959CD2566340E785279749 /* SwipeDirectionGesture.swift in Sources */ = {isa = PBXBuildFile; fileRef = 880C0F9BACAA480B95A1C8D3 /* SwipeDirectionGesture.swift */; };
		413338EAB71B4C2D8DADB581 /* GameConfig.swift in Sources */ = {isa = PBXBuildFile; fileRef = 2997FB24F0F84CAFBA0FA5D6 /* GameConfig.swift */; };
		49295C75D990412CBB10E94D /* DangerSnakeApp.swift in Sources */ = {isa = PBXBuildFile; fileRef = 330E983D9C3A4771B49C5F6B /* DangerSnakeApp.swift */; };
		5E6433B13F89452A873A936C /* GridModel.swift in Sources */ = {isa = PBXBuildFile; fileRef = 36C5572CD516425FBDA19D40 /* GridModel.swift */; };
		66F8BB19BB694C838983D9CF /* Assets.xcassets in Resources */ = {isa = PBXBuildFile; fileRef = 27B68F9D2372418294CC233E /* Assets.xcassets */; };
		6A7DC5D6814044068F033CBE /* BoardCanvas.swift in Sources */ = {isa = PBXBuildFile; fileRef = E46A87422A9644D09582E5AF /* BoardCanvas.swift */; };
		6EFDDF963C3A42D2A29EB283 /* GameHUD.swift in Sources */ = {isa = PBXBuildFile; fileRef = 4FCFEF3AEB394F46B4726AC3 /* GameHUD.swift */; };
		93F987F2B3564CE49D3C8EE7 /* RootView.swift in Sources */ = {isa = PBXBuildFile; fileRef = 9CB397AEEBE64C39A2169DD9 /* RootView.swift */; };
		9D8415C45547496DB98AF60C /* GridPos.swift in Sources */ = {isa = PBXBuildFile; fileRef = 8376228A509742F8AE53C724 /* GridPos.swift */; };
		BF56836A0C884015A64D69A8 /* GameEngine.swift in Sources */ = {isa = PBXBuildFile; fileRef = E37E2BC687504B77B66017A1 /* GameEngine.swift */; };
		C2C7298E90D44F5889F0337A /* CombatResolver.swift in Sources */ = {isa = PBXBuildFile; fileRef = 83D72C3BFB5D4CD98DC83372 /* CombatResolver.swift */; };
		C45C472ED6BB4F9FAA746586 /* ItemType.swift in Sources */ = {isa = PBXBuildFile; fileRef = 0DD9BF2EE43047F0BD8ECF44 /* ItemType.swift */; };
		D61BDC9A0663430FAFFA367B /* PlayerApple.swift in Sources */ = {isa = PBXBuildFile; fileRef = AC6ADC29D3314EBE88658DEC /* PlayerApple.swift */; };
		F572ABDFC4A04F55B2F279C1 /* MenuView.swift in Sources */ = {isa = PBXBuildFile; fileRef = 300245A49A9147E485068129 /* MenuView.swift */; };
/* End PBXBuildFile section */

/* Begin PBXFileReference section */
		69668DAD8B5C4C24A4AB1E88 /* SnakeAI.swift */ = {isa = PBXFileReference; lastKnownFileType = sourcecode.swift; path = SnakeAI.swift; sourceTree = "<group>"; };
		0998119EAFE94789A1E80225 /* Snake.swift */ = {isa = PBXFileReference; lastKnownFileType = sourcecode.swift; path = Snake.swift; sourceTree = "<group>"; };
		0DD9BF2EE43047F0BD8ECF44 /* ItemType.swift */ = {isa = PBXFileReference; lastKnownFileType = sourcecode.swift; path = ItemType.swift; sourceTree = "<group>"; };
		27B68F9D2372418294CC233E /* Assets.xcassets */ = {isa = PBXFileReference; lastKnownFileType = folder.assetcatalog; path = Assets.xcassets; sourceTree = "<group>"; };
		2997FB24F0F84CAFBA0FA5D6 /* GameConfig.swift */ = {isa = PBXFileReference; lastKnownFileType = sourcecode.swift; path = GameConfig.swift; sourceTree = "<group>"; };
		300245A49A9147E485068129 /* MenuView.swift */ = {isa = PBXFileReference; lastKnownFileType = sourcecode.swift; path = MenuView.swift; sourceTree = "<group>"; };
		330E983D9C3A4771B49C5F6B /* DangerSnakeApp.swift */ = {isa = PBXFileReference; lastKnownFileType = sourcecode.swift; path = DangerSnakeApp.swift; sourceTree = "<group>"; };
		36C5572CD516425FBDA19D40 /* GridModel.swift */ = {isa = PBXFileReference; lastKnownFileType = sourcecode.swift; path = GridModel.swift; sourceTree = "<group>"; };
		4FCFEF3AEB394F46B4726AC3 /* GameHUD.swift */ = {isa = PBXFileReference; lastKnownFileType = sourcecode.swift; path = GameHUD.swift; sourceTree = "<group>"; };
		8376228A509742F8AE53C724 /* GridPos.swift */ = {isa = PBXFileReference; lastKnownFileType = sourcecode.swift; path = GridPos.swift; sourceTree = "<group>"; };
		83D72C3BFB5D4CD98DC83372 /* CombatResolver.swift */ = {isa = PBXFileReference; lastKnownFileType = sourcecode.swift; path = CombatResolver.swift; sourceTree = "<group>"; };
		880C0F9BACAA480B95A1C8D3 /* SwipeDirectionGesture.swift */ = {isa = PBXFileReference; lastKnownFileType = sourcecode.swift; path = SwipeDirectionGesture.swift; sourceTree = "<group>"; };
		9CB397AEEBE64C39A2169DD9 /* RootView.swift */ = {isa = PBXFileReference; lastKnownFileType = sourcecode.swift; path = RootView.swift; sourceTree = "<group>"; };
		A10000000000000000000006 /* DangerSnake.app */ = {isa = PBXFileReference; explicitFileType = wrapper.application; includeInIndex = 0; path = DangerSnake.app; sourceTree = BUILT_PRODUCTS_DIR; };
		AC6ADC29D3314EBE88658DEC /* PlayerApple.swift */ = {isa = PBXFileReference; lastKnownFileType = sourcecode.swift; path = PlayerApple.swift; sourceTree = "<group>"; };
		AC80E8FD16CA40289C5E2648 /* Info.plist */ = {isa = PBXFileReference; lastKnownFileType = text.plist.xml; path = Info.plist; sourceTree = "<group>"; };
		ACE239E644DC472CBD65803C /* ItemSpawner.swift */ = {isa = PBXFileReference; lastKnownFileType = sourcecode.swift; path = ItemSpawner.swift; sourceTree = "<group>"; };
		E0BB1B87D5274213AF0D41D2 /* GameScreen.swift */ = {isa = PBXFileReference; lastKnownFileType = sourcecode.swift; path = GameScreen.swift; sourceTree = "<group>"; };
		E37E2BC687504B77B66017A1 /* GameEngine.swift */ = {isa = PBXFileReference; lastKnownFileType = sourcecode.swift; path = GameEngine.swift; sourceTree = "<group>"; };
		E46A87422A9644D09582E5AF /* BoardCanvas.swift */ = {isa = PBXFileReference; lastKnownFileType = sourcecode.swift; path = BoardCanvas.swift; sourceTree = "<group>"; };
/* End PBXFileReference section */

/* Begin PBXFrameworksBuildPhase section */
		A10000000000000000000005 /* Frameworks */ = {
			isa = PBXFrameworksBuildPhase;
			buildActionMask = 2147483647;
			files = (
			);
			runOnlyForDeploymentPostprocessing = 0;
		};
/* End PBXFrameworksBuildPhase section */

/* Begin PBXGroup section */
		03F549306EF246DD8EC66ECD /* Resources */ = {
			isa = PBXGroup;
			children = (
				27B68F9D2372418294CC233E /* Assets.xcassets */,
				AC80E8FD16CA40289C5E2648 /* Info.plist */,
			);
			path = Resources;
			sourceTree = "<group>";
		};
		2672130F6F1A421B981BF898 /* Core */ = {
			isa = PBXGroup;
			children = (
				2997FB24F0F84CAFBA0FA5D6 /* GameConfig.swift */,
				36C5572CD516425FBDA19D40 /* GridModel.swift */,
				8376228A509742F8AE53C724 /* GridPos.swift */,
			);
			path = Core;
			sourceTree = "<group>";
		};
		3D4180024FB845A2812D8A09 /* App */ = {
			isa = PBXGroup;
			children = (
				9CB397AEEBE64C39A2169DD9 /* RootView.swift */,
			);
			path = App;
			sourceTree = "<group>";
		};
		80F6CE704A84488FB5352C7A /* Input */ = {
			isa = PBXGroup;
			children = (
				880C0F9BACAA480B95A1C8D3 /* SwipeDirectionGesture.swift */,
			);
			path = Input;
			sourceTree = "<group>";
		};
		A10000000000000000000007 = {
			isa = PBXGroup;
			children = (
				A10000000000000000000009 /* DangerSnake */,
				A10000000000000000000008 /* Products */,
			);
			sourceTree = "<group>";
		};
		A10000000000000000000008 /* Products */ = {
			isa = PBXGroup;
			children = (
				A10000000000000000000006 /* DangerSnake.app */,
			);
			name = Products;
			sourceTree = "<group>";
		};
		A10000000000000000000009 /* DangerSnake */ = {
			isa = PBXGroup;
			children = (
				330E983D9C3A4771B49C5F6B /* DangerSnakeApp.swift */,
				3D4180024FB845A2812D8A09 /* App */,
				2672130F6F1A421B981BF898 /* Core */,
				D44C526588F24131A292BFDE /* Features */,
				BFB27346E6A946BB89F836DC /* Gameplay */,
				80F6CE704A84488FB5352C7A /* Input */,
				B09942C81C854563984312F0 /* Items */,
				03F549306EF246DD8EC66ECD /* Resources */,
			);
			path = DangerSnake;
			sourceTree = "<group>";
		};
		B09942C81C854563984312F0 /* Items */ = {
			isa = PBXGroup;
			children = (
				83D72C3BFB5D4CD98DC83372 /* CombatResolver.swift */,
				0DD9BF2EE43047F0BD8ECF44 /* ItemType.swift */,
			);
			path = Items;
			sourceTree = "<group>";
		};
		BFB27346E6A946BB89F836DC /* Gameplay */ = {
			isa = PBXGroup;
			children = (
				AC6ADC29D3314EBE88658DEC /* PlayerApple.swift */,
				69668DAD8B5C4C24A4AB1E88 /* SnakeAI.swift */,
				E37E2BC687504B77B66017A1 /* GameEngine.swift */,
				ACE239E644DC472CBD65803C /* ItemSpawner.swift */,
				0998119EAFE94789A1E80225 /* Snake.swift */,
			);
			path = Gameplay;
			sourceTree = "<group>";
		};
		D44C526588F24131A292BFDE /* Features */ = {
			isa = PBXGroup;
			children = (
				F800BB798C3849C6BE391B73 /* Game */,
				D4D6FD4E922843D1A9A78D8A /* Menu */,
			);
			path = Features;
			sourceTree = "<group>";
		};
		D4D6FD4E922843D1A9A78D8A /* Menu */ = {
			isa = PBXGroup;
			children = (
				300245A49A9147E485068129 /* MenuView.swift */,
			);
			path = Menu;
			sourceTree = "<group>";
		};
		F800BB798C3849C6BE391B73 /* Game */ = {
			isa = PBXGroup;
			children = (
				E46A87422A9644D09582E5AF /* BoardCanvas.swift */,
				4FCFEF3AEB394F46B4726AC3 /* GameHUD.swift */,
				E0BB1B87D5274213AF0D41D2 /* GameScreen.swift */,
			);
			path = Game;
			sourceTree = "<group>";
		};
/* End PBXGroup section */

/* Begin PBXNativeTarget section */
		A10000000000000000000002 /* DangerSnake */ = {
			isa = PBXNativeTarget;
			buildConfigurationList = A1000000000000000000000B /* Build configuration list for PBXNativeTarget "DangerSnake" */;
			buildPhases = (
				A10000000000000000000003 /* Sources */,
				A10000000000000000000005 /* Frameworks */,
				A10000000000000000000004 /* Resources */,
			);
			buildRules = (
			);
			dependencies = (
			);
			name = DangerSnake;
			productName = DangerSnake;
			productReference = A10000000000000000000006 /* DangerSnake.app */;
			productType = "com.apple.product-type.application";
		};
/* End PBXNativeTarget section */

/* Begin PBXProject section */
		A10000000000000000000001 /* Project object */ = {
			isa = PBXProject;
			attributes = {
				BuildIndependentTargetsInParallel = 1;
				LastSwiftUpdateCheck = 1600;
				LastUpgradeCheck = 1600;
				TargetAttributes = {
					A10000000000000000000002 = {
						CreatedOnToolsVersion = 16.0;
					};
				};
			};
			buildConfigurationList = A1000000000000000000000A /* Build configuration list for PBXProject "DangerSnake" */;
			compatibilityVersion = "Xcode 14.0";
			developmentRegion = en;
			hasScannedForEncodings = 0;
			knownRegions = (
				en,
				Base,
			);
			mainGroup = A10000000000000000000007;
			productRefGroup = A10000000000000000000008 /* Products */;
			projectDirPath = "";
			projectRoot = "";
			targets = (
				A10000000000000000000002 /* DangerSnake */,
			);
		};
/* End PBXProject section */

/* Begin PBXResourcesBuildPhase section */
		A10000000000000000000004 /* Resources */ = {
			isa = PBXResourcesBuildPhase;
			buildActionMask = 2147483647;
			files = (
				66F8BB19BB694C838983D9CF /* Assets.xcassets in Resources */,
			);
			runOnlyForDeploymentPostprocessing = 0;
		};
/* End PBXResourcesBuildPhase section */

/* Begin PBXSourcesBuildPhase section */
		A10000000000000000000003 /* Sources */ = {
			isa = PBXSourcesBuildPhase;
			buildActionMask = 2147483647;
			files = (
				93F987F2B3564CE49D3C8EE7 /* RootView.swift in Sources */,
				413338EAB71B4C2D8DADB581 /* GameConfig.swift in Sources */,
				5E6433B13F89452A873A936C /* GridModel.swift in Sources */,
				9D8415C45547496DB98AF60C /* GridPos.swift in Sources */,
				49295C75D990412CBB10E94D /* DangerSnakeApp.swift in Sources */,
				6A7DC5D6814044068F033CBE /* BoardCanvas.swift in Sources */,
				6EFDDF963C3A42D2A29EB283 /* GameHUD.swift in Sources */,
				0E63A699F7E647BD958195E3 /* GameScreen.swift in Sources */,
				F572ABDFC4A04F55B2F279C1 /* MenuView.swift in Sources */,
				D61BDC9A0663430FAFFA367B /* PlayerApple.swift in Sources */,
				0296DDEBE55149E2886FDD2D /* SnakeAI.swift in Sources */,
				BF56836A0C884015A64D69A8 /* GameEngine.swift in Sources */,
				12D88B65C1E141849BD1FC7D /* ItemSpawner.swift in Sources */,
				1D90D557787D46A59921AE6A /* Snake.swift in Sources */,
				1E959CD2566340E785279749 /* SwipeDirectionGesture.swift in Sources */,
				C2C7298E90D44F5889F0337A /* CombatResolver.swift in Sources */,
				C45C472ED6BB4F9FAA746586 /* ItemType.swift in Sources */,
			);
			runOnlyForDeploymentPostprocessing = 0;
		};
/* End PBXSourcesBuildPhase section */

/* Begin XCBuildConfiguration section */
		A1000000000000000000000C /* Debug */ = {
			isa = XCBuildConfiguration;
			buildSettings = {
				ALWAYS_SEARCH_USER_PATHS = NO;
				CLANG_ENABLE_MODULES = YES;
				CLANG_ENABLE_OBJC_ARC = YES;
				COPY_PHASE_STRIP = NO;
				DEBUG_INFORMATION_FORMAT = dwarf;
				ENABLE_TESTABILITY = YES;
				GCC_DYNAMIC_NO_PIC = NO;
				GCC_OPTIMIZATION_LEVEL = 0;
				IPHONEOS_DEPLOYMENT_TARGET = 17.0;
				MTL_ENABLE_DEBUG_INFO = INCLUDE_SOURCE;
				ONLY_ACTIVE_ARCH = YES;
				SDKROOT = iphoneos;
				SWIFT_ACTIVE_COMPILATION_CONDITIONS = "DEBUG $(inherited)";
				SWIFT_OPTIMIZATION_LEVEL = "-Onone";
			};
			name = Debug;
		};
		A1000000000000000000000D /* Release */ = {
			isa = XCBuildConfiguration;
			buildSettings = {
				ALWAYS_SEARCH_USER_PATHS = NO;
				CLANG_ENABLE_MODULES = YES;
				CLANG_ENABLE_OBJC_ARC = YES;
				COPY_PHASE_STRIP = NO;
				DEBUG_INFORMATION_FORMAT = "dwarf-with-dsym";
				IPHONEOS_DEPLOYMENT_TARGET = 17.0;
				MTL_ENABLE_DEBUG_INFO = NO;
				SDKROOT = iphoneos;
				SWIFT_COMPILATION_MODE = wholemodule;
				VALIDATE_PRODUCT = YES;
			};
			name = Release;
		};
		A1000000000000000000000E /* Debug */ = {
			isa = XCBuildConfiguration;
			buildSettings = {
				ASSETCATALOG_COMPILER_APPICON_NAME = AppIcon;
				ASSETCATALOG_COMPILER_GLOBAL_ACCENT_COLOR_NAME = AccentColor;
				CODE_SIGN_STYLE = Automatic;
				CURRENT_PROJECT_VERSION = 1;
				DEVELOPMENT_TEAM = 2A73GS858T;
				ENABLE_PREVIEWS = YES;
				GENERATE_INFOPLIST_FILE = NO;
				INFOPLIST_FILE = DangerSnake/Resources/Info.plist;
				INFOPLIST_KEY_CFBundleDisplayName = DangerSnake;
				INFOPLIST_KEY_UIApplicationSupportsIndirectInputEvents = YES;
				INFOPLIST_KEY_UIStatusBarHidden = YES;
				LD_RUNPATH_SEARCH_PATHS = (
					"$(inherited)",
					"@executable_path/Frameworks",
				);
				MARKETING_VERSION = 0.1.0;
				PRODUCT_BUNDLE_IDENTIFIER = com.dangersnake.game;
				PRODUCT_NAME = "$(TARGET_NAME)";
				SUPPORTED_PLATFORMS = "iphoneos iphonesimulator";
				SUPPORTS_MACCATALYST = NO;
				SUPPORTS_MAC_DESIGNED_FOR_IPHONE_IPAD = NO;
				SUPPORTS_XR_DESIGNED_FOR_IPHONE_IPAD = NO;
				SWIFT_EMIT_LOC_STRINGS = YES;
				SWIFT_VERSION = 5.0;
				TARGETED_DEVICE_FAMILY = "1,2";
			};
			name = Debug;
		};
		A1000000000000000000000F /* Release */ = {
			isa = XCBuildConfiguration;
			buildSettings = {
				ASSETCATALOG_COMPILER_APPICON_NAME = AppIcon;
				ASSETCATALOG_COMPILER_GLOBAL_ACCENT_COLOR_NAME = AccentColor;
				CODE_SIGN_STYLE = Automatic;
				CURRENT_PROJECT_VERSION = 1;
				DEVELOPMENT_TEAM = 2A73GS858T;
				ENABLE_PREVIEWS = YES;
				GENERATE_INFOPLIST_FILE = NO;
				INFOPLIST_FILE = DangerSnake/Resources/Info.plist;
				INFOPLIST_KEY_CFBundleDisplayName = DangerSnake;
				INFOPLIST_KEY_UIApplicationSupportsIndirectInputEvents = YES;
				INFOPLIST_KEY_UIStatusBarHidden = YES;
				LD_RUNPATH_SEARCH_PATHS = (
					"$(inherited)",
					"@executable_path/Frameworks",
				);
				MARKETING_VERSION = 0.1.0;
				PRODUCT_BUNDLE_IDENTIFIER = com.dangersnake.game;
				PRODUCT_NAME = "$(TARGET_NAME)";
				SUPPORTED_PLATFORMS = "iphoneos iphonesimulator";
				SUPPORTS_MACCATALYST = NO;
				SUPPORTS_MAC_DESIGNED_FOR_IPHONE_IPAD = NO;
				SUPPORTS_XR_DESIGNED_FOR_IPHONE_IPAD = NO;
				SWIFT_EMIT_LOC_STRINGS = YES;
				SWIFT_VERSION = 5.0;
				TARGETED_DEVICE_FAMILY = "1,2";
			};
			name = Release;
		};
/* End XCBuildConfiguration section */

/* Begin XCConfigurationList section */
		A1000000000000000000000A /* Build configuration list for PBXProject "DangerSnake" */ = {
			isa = XCConfigurationList;
			buildConfigurations = (
				A1000000000000000000000C /* Debug */,
				A1000000000000000000000D /* Release */,
			);
			defaultConfigurationIsVisible = 0;
			defaultConfigurationName = Release;
		};
		A1000000000000000000000B /* Build configuration list for PBXNativeTarget "DangerSnake" */ = {
			isa = XCConfigurationList;
			buildConfigurations = (
				A1000000000000000000000E /* Debug */,
				A1000000000000000000000F /* Release */,
			);
			defaultConfigurationIsVisible = 0;
			defaultConfigurationName = Release;
		};
/* End XCConfigurationList section */
	};
	rootObject = A10000000000000000000001 /* Project object */;
}
